
Microsoft Visual Studio Solution File, Format Version 12.00
# Visual Studio Version 16
VisualStudioVersion = 16.0.31402.337
MinimumVisualStudioVersion = 10.0.40219.1
Project("{2150E333-8FDC-42A3-9474-1A3956D46DE8}") = "Services", "Services", "{936D016E-B708-4BFE-B0FA-B9ECFE8BCDBF}"
EndProject
Project("{2150E333-8FDC-42A3-9474-1A3956D46DE8}") = "WebApps", "WebApps", "{42DC8004-2010-4C04-B73F-AE6A95A91786}"
EndProject
Project("{2150E333-8FDC-42A3-9474-1A3956D46DE8}") = "Cadastros", "Cadastros", "{2E8235FC-3933-4B42-BB05-54E9FD1D82C4}"
EndProject
Project("{2150E333-8FDC-42A3-9474-1A3956D46DE8}") = "Catalogo", "Catalogo", "{CD47FB5A-1952-4BE5-ADE1-6CDA70034F06}"
EndProject
Project("{2150E333-8FDC-42A3-9474-1A3956D46DE8}") = "Core", "Core", "{097A06A3-9260-4E37-9CE5-1BFFB5110885}"
EndProject
Project("{2150E333-8FDC-42A3-9474-1A3956D46DE8}") = "Fiscal", "Fiscal", "{8AAA2CF0-9F42-4A1A-8485-BB5A09AE477A}"
EndProject
Project("{2150E333-8FDC-42A3-9474-1A3956D46DE8}") = "Pagamentos", "Pagamentos", "{4396D7FC-BC6A-4837-BE62-E7577732E8F2}"
EndProject
Project("{2150E333-8FDC-42A3-9474-1A3956D46DE8}") = "Vendas", "Vendas", "{7E383B6A-3B77-4133-94B3-FFF21B4E8E52}"
EndProject
Project("{FAE04EC0-301F-11D3-BF4B-00C04F79EFBC}") = "NerdStore.Catalogo.Domain", "src\NerdStore.Catalogo.Domain\NerdStore.Catalogo.Domain.csproj", "{67768A21-F941-4CB7-A7E5-AE613F1D4C91}"
EndProject
Project("{FAE04EC0-301F-11D3-BF4B-00C04F79EFBC}") = "NerdStore.Core", "src\NerdStore.Core\NerdStore.Core.csproj", "{DF9FA6FC-96B1-4411-81B5-6C6EACD63B72}"
EndProject
Project("{2150E333-8FDC-42A3-9474-1A3956D46DE8}") = "Tests", "Tests", "{A5BF50B0-CB15-4456-8276-3266A451EF50}"
EndProject
Project("{FAE04EC0-301F-11D3-BF4B-00C04F79EFBC}") = "NerdStore.Catalogo.Domain.Tests", "test\NerdStore.Catalogo.Domain.Tests\NerdStore.Catalogo.Domain.Tests.csproj", "{0BC4154E-CBE6-4E1A-921E-C4108AC64CD7}"
EndProject
Project("{FAE04EC0-301F-11D3-BF4B-00C04F79EFBC}") = "NerdStore.Catalogo.Data", "src\NerdStore.Catalogo.Data\NerdStore.Catalogo.Data.csproj", "{783F730E-176D-4540-A6D4-8A8BA6EC1225}"
EndProject
Global
	GlobalSection(SolutionConfigurationPlatforms) = preSolution
		Debug|Any CPU = Debug|Any CPU
		Release|Any CPU = Release|Any CPU
	EndGlobalSection
	GlobalSection(ProjectConfigurationPlatforms) = postSolution
		{67768A21-F941-4CB7-A7E5-AE613F1D4C91}.Debug|Any CPU.ActiveCfg = Debug|Any CPU
		{67768A21-F941-4CB7-A7E5-AE613F1D4C91}.Debug|Any CPU.Build.0 = Debug|Any CPU
		{67768A21-F941-4CB7-A7E5-AE613F1D4C91}.Release|Any CPU.ActiveCfg = Release|Any CPU
		{67768A21-F941-4CB7-A7E5-AE613F1D4C91}.Release|Any CPU.Build.0 = Release|Any CPU
		{DF9FA6FC-96B1-4411-81B5-6C6EACD63B72}.Debug|Any CPU.ActiveCfg = Debug|Any CPU
		{DF9FA6FC-96B1-4411-81B5-6C6EACD63B72}.Debug|Any CPU.Build.0 = Debug|Any CPU
		{DF9FA6FC-96B1-4411-81B5-6C6EACD63B72}.Release|Any CPU.ActiveCfg = Release|Any CPU
		{DF9FA6FC-96B1-4411-81B5-6C6EACD63B72}.Release|Any CPU.Build.0 = Release|Any CPU
		{0BC4154E-CBE6-4E1A-921E-C4108AC64CD7}.Debug|Any CPU.ActiveCfg = Debug|Any CPU
		{0BC4154E-CBE6-4E1A-921E-C4108AC64CD7}.Debug|Any CPU.Build.0 = Debug|Any CPU
		{0BC4154E-CBE6-4E1A-921E-C4108AC64CD7}.Release|Any CPU.ActiveCfg = Release|Any CPU
		{0BC4154E-CBE6-4E1A-921E-C4108AC64CD7}.Release|Any CPU.Build.0 = Release|Any CPU
		{783F730E-176D-4540-A6D4-8A8BA6EC1225}.Debug|Any CPU.ActiveCfg = Debug|Any CPU
		{783F730E-176D-4540-A6D4-8A8BA6EC1225}.Debug|Any CPU.Build.0 = Debug|Any CPU
		{783F730E-176D-4540-A6D4-8A8BA6EC1225}.Release|Any CPU.ActiveCfg = Release|Any CPU
		{783F730E-176D-4540-A6D4-8A8BA6EC1225}.Release|Any CPU.Build.0 = Release|Any CPU
	EndGlobalSection
	GlobalSection(SolutionProperties) = preSolution
		HideSolutionNode = FALSE
	EndGlobalSection
	GlobalSection(NestedProjects) = preSolution
		{2E8235FC-3933-4B42-BB05-54E9FD1D82C4} = {936D016E-B708-4BFE-B0FA-B9ECFE8BCDBF}
		{CD47FB5A-1952-4BE5-ADE1-6CDA70034F06} = {936D016E-B708-4BFE-B0FA-B9ECFE8BCDBF}
		{097A06A3-9260-4E37-9CE5-1BFFB5110885} = {936D016E-B708-4BFE-B0FA-B9ECFE8BCDBF}
		{8AAA2CF0-9F42-4A1A-8485-BB5A09AE477A} = {936D016E-B708-4BFE-B0FA-B9ECFE8BCDBF}
		{4396D7FC-BC6A-4837-BE62-E7577732E8F2} = {936D016E-B708-4BFE-B0FA-B9ECFE8BCDBF}
		{7E383B6A-3B77-4133-94B3-FFF21B4E8E52} = {936D016E-B708-4BFE-B0FA-B9ECFE8BCDBF}
		{67768A21-F941-4CB7-A7E5-AE613F1D4C91} = {CD47FB5A-1952-4BE5-ADE1-6CDA70034F06}
		{DF9FA6FC-96B1-4411-81B5-6C6EACD63B72} = {097A06A3-9260-4E37-9CE5-1BFFB5110885}
		{A5BF50B0-CB15-4456-8276-3266A451EF50} = {CD47FB5A-1952-4BE5-ADE1-6CDA70034F06}
		{0BC4154E-CBE6-4E1A-921E-C4108AC64CD7} = {A5BF50B0-CB15-4456-8276-3266A451EF50}
		{783F730E-176D-4540-A6D4-8A8BA6EC1225} = {CD47FB5A-1952-4BE5-ADE1-6CDA70034F06}
	EndGlobalSection
	GlobalSection(ExtensibilityGlobals) = postSolution
		SolutionGuid = {B16FAFCB-2A20-4DC3-BC97-A4CA9524ABC1}
	EndGlobalSection
EndGlobal
